Microsoft Visual Studio Solution File, Format Version 11.00
# Visual Studio 2008

Project("{A9BDA7FC-820C-978F-A63A-8E53EB1BE7AF}") = "Harlach", "Assembly-CSharp-firstpass.csproj", "{F47C4221-E39E-AB7E-8147-CA62EA309868}"
EndProject
Project("{A9BDA7FC-820C-978F-A63A-8E53EB1BE7AF}") = "Harlach", "Assembly-CSharp.csproj", "{32303DB5-FFE4-0E8F-D104-EB562196D08C}"
EndProject
Project("{A9BDA7FC-820C-978F-A63A-8E53EB1BE7AF}") = "Harlach", "Assembly-CSharp-Editor.csproj", "{9800AF74-1BE4-B9DC-44C1-FCA5D7CF7D0E}"
EndProject
Global
	GlobalSection(SolutionConfigurationPlatforms) = preSolution
		Debug|Any CPU = Debug|Any CPU
		Release|Any CPU = Release|Any CPU
	EndGlobalSection
	GlobalSection(ProjectConfigurationPlatforms) = postSolution
		{F47C4221-E39E-AB7E-8147-CA62EA309868}.Debug|Any CPU.ActiveCfg = Debug|Any CPU
		{F47C4221-E39E-AB7E-8147-CA62EA309868}.Debug|Any CPU.Build.0 = Debug|Any CPU
		{F47C4221-E39E-AB7E-8147-CA62EA309868}.Release|Any CPU.ActiveCfg = Release|Any CPU
		{F47C4221-E39E-AB7E-8147-CA62EA309868}.Release|Any CPU.Build.0 = Release|Any CPU
		{32303DB5-FFE4-0E8F-D104-EB562196D08C}.Debug|Any CPU.ActiveCfg = Debug|Any CPU
		{32303DB5-FFE4-0E8F-D104-EB562196D08C}.Debug|Any CPU.Build.0 = Debug|Any CPU
		{32303DB5-FFE4-0E8F-D104-EB562196D08C}.Release|Any CPU.ActiveCfg = Release|Any CPU
		{32303DB5-FFE4-0E8F-D104-EB562196D08C}.Release|Any CPU.Build.0 = Release|Any CPU
		{9800AF74-1BE4-B9DC-44C1-FCA5D7CF7D0E}.Debug|Any CPU.ActiveCfg = Debug|Any CPU
		{9800AF74-1BE4-B9DC-44C1-FCA5D7CF7D0E}.Debug|Any CPU.Build.0 = Debug|Any CPU
		{9800AF74-1BE4-B9DC-44C1-FCA5D7CF7D0E}.Release|Any CPU.ActiveCfg = Release|Any CPU
		{9800AF74-1BE4-B9DC-44C1-FCA5D7CF7D0E}.Release|Any CPU.Build.0 = Release|Any CPU
	EndGlobalSection
	GlobalSection(SolutionProperties) = preSolution
		HideSolutionNode = FALSE
	EndGlobalSection
	GlobalSection(MonoDevelopProperties) = preSolution
		StartupItem = Assembly-CSharp.csproj
	EndGlobalSection
EndGlobal
