
Microsoft Visual Studio Solution File, Format Version 12.00
# Visual Studio 2015
Project("{FAE04EC0-301F-11D3-BF4B-00C04F79EFBC}") = "Harlach.CSharp.Plugins", "Harlach.CSharp.Plugins.csproj", "{FDC3D8D9-E123-679E-5261-282D967F48BE}"
EndProject
Project("{FAE04EC0-301F-11D3-BF4B-00C04F79EFBC}") = "Harlach.CSharp", "Harlach.CSharp.csproj", "{0F26D404-0E70-8C95-3B8B-67508D0BA384}"
EndProject
Project("{FAE04EC0-301F-11D3-BF4B-00C04F79EFBC}") = "Harlach.CSharp.Editor", "Harlach.CSharp.Editor.csproj", "{474DA9EE-44B5-C59E-AA66-DA35F97DA342}"
EndProject
Global
	GlobalSection(SolutionConfigurationPlatforms) = preSolution
		Debug|Any CPU = Debug|Any CPU
		Release|Any CPU = Release|Any CPU
	EndGlobalSection
	GlobalSection(ProjectConfigurationPlatforms) = postSolution
		{FDC3D8D9-E123-679E-5261-282D967F48BE}.Debug|Any CPU.ActiveCfg = Debug|Any CPU
		{FDC3D8D9-E123-679E-5261-282D967F48BE}.Debug|Any CPU.Build.0 = Debug|Any CPU
		{FDC3D8D9-E123-679E-5261-282D967F48BE}.Release|Any CPU.ActiveCfg = Release|Any CPU
		{FDC3D8D9-E123-679E-5261-282D967F48BE}.Release|Any CPU.Build.0 = Release|Any CPU
		{0F26D404-0E70-8C95-3B8B-67508D0BA384}.Debug|Any CPU.ActiveCfg = Debug|Any CPU
		{0F26D404-0E70-8C95-3B8B-67508D0BA384}.Debug|Any CPU.Build.0 = Debug|Any CPU
		{0F26D404-0E70-8C95-3B8B-67508D0BA384}.Release|Any CPU.ActiveCfg = Release|Any CPU
		{0F26D404-0E70-8C95-3B8B-67508D0BA384}.Release|Any CPU.Build.0 = Release|Any CPU
		{474DA9EE-44B5-C59E-AA66-DA35F97DA342}.Debug|Any CPU.ActiveCfg = Debug|Any CPU
		{474DA9EE-44B5-C59E-AA66-DA35F97DA342}.Debug|Any CPU.Build.0 = Debug|Any CPU
		{474DA9EE-44B5-C59E-AA66-DA35F97DA342}.Release|Any CPU.ActiveCfg = Release|Any CPU
		{474DA9EE-44B5-C59E-AA66-DA35F97DA342}.Release|Any CPU.Build.0 = Release|Any CPU
	EndGlobalSection
	GlobalSection(SolutionProperties) = preSolution
		HideSolutionNode = FALSE
	EndGlobalSection
EndGlobal
