
Microsoft Visual Studio Solution File, Format Version 12.00
# Visual Studio 2015
Project("{FAE04EC0-301F-11D3-BF4B-00C04F79EFBC}") = "Harlach-master.CSharp.Plugins", "Harlach-master.CSharp.Plugins.csproj", "{80C7360A-8D8D-5318-90B7-27379B77D762}"
EndProject
Project("{FAE04EC0-301F-11D3-BF4B-00C04F79EFBC}") = "Harlach-master.CSharp", "Harlach-master.CSharp.csproj", "{8FBDD810-DAEC-5D33-60BF-317AF3E16645}"
EndProject
Project("{FAE04EC0-301F-11D3-BF4B-00C04F79EFBC}") = "Harlach-master.CSharp.Editor", "Harlach-master.CSharp.Editor.csproj", "{52C8B982-0646-3DDE-BC98-E24FE626A3D1}"
EndProject
Global
	GlobalSection(SolutionConfigurationPlatforms) = preSolution
		Debug|Any CPU = Debug|Any CPU
		Release|Any CPU = Release|Any CPU
	EndGlobalSection
	GlobalSection(ProjectConfigurationPlatforms) = postSolution
		{80C7360A-8D8D-5318-90B7-27379B77D762}.Debug|Any CPU.ActiveCfg = Debug|Any CPU
		{80C7360A-8D8D-5318-90B7-27379B77D762}.Debug|Any CPU.Build.0 = Debug|Any CPU
		{80C7360A-8D8D-5318-90B7-27379B77D762}.Release|Any CPU.ActiveCfg = Release|Any CPU
		{80C7360A-8D8D-5318-90B7-27379B77D762}.Release|Any CPU.Build.0 = Release|Any CPU
		{8FBDD810-DAEC-5D33-60BF-317AF3E16645}.Debug|Any CPU.ActiveCfg = Debug|Any CPU
		{8FBDD810-DAEC-5D33-60BF-317AF3E16645}.Debug|Any CPU.Build.0 = Debug|Any CPU
		{8FBDD810-DAEC-5D33-60BF-317AF3E16645}.Release|Any CPU.ActiveCfg = Release|Any CPU
		{8FBDD810-DAEC-5D33-60BF-317AF3E16645}.Release|Any CPU.Build.0 = Release|Any CPU
		{52C8B982-0646-3DDE-BC98-E24FE626A3D1}.Debug|Any CPU.ActiveCfg = Debug|Any CPU
		{52C8B982-0646-3DDE-BC98-E24FE626A3D1}.Debug|Any CPU.Build.0 = Debug|Any CPU
		{52C8B982-0646-3DDE-BC98-E24FE626A3D1}.Release|Any CPU.ActiveCfg = Release|Any CPU
		{52C8B982-0646-3DDE-BC98-E24FE626A3D1}.Release|Any CPU.Build.0 = Release|Any CPU
	EndGlobalSection
	GlobalSection(SolutionProperties) = preSolution
		HideSolutionNode = FALSE
	EndGlobalSection
EndGlobal
